
Microsoft Visual Studio Solution File, Format Version 10.00
# Visual C++ Express 2008
Project("{8BC9CEB8-8B4A-11D0-8D11-00A0C91BC942}") = "pluto_vs", "pluto_vs.vcproj", "{704188E0-3B52-4EAF-8641-7AFB1990E71A}"
EndProject
Global
	GlobalSection(SolutionConfigurationPlatforms) = preSolution
		Debug|Win32 = Debug|Win32
		Release|Win32 = Release|Win32
	EndGlobalSection
	GlobalSection(ProjectConfigurationPlatforms) = postSolution
		{704188E0-3B52-4EAF-8641-7AFB1990E71A}.Debug|Win32.ActiveCfg = Debug|Win32
		{704188E0-3B52-4EAF-8641-7AFB1990E71A}.Debug|Win32.Build.0 = Debug|Win32
		{704188E0-3B52-4EAF-8641-7AFB1990E71A}.Release|Win32.ActiveCfg = Release|Win32
		{704188E0-3B52-4EAF-8641-7AFB1990E71A}.Release|Win32.Build.0 = Release|Win32
	EndGlobalSection
	GlobalSection(SolutionProperties) = preSolution
		HideSolutionNode = FALSE
	EndGlobalSection
EndGlobal
